// !$*UTF8*$!
{
	archiveVersion = 1;
	classes = {
	};
	objectVersion = 55;
	objects = {

/* Begin PBXBuildFile section */
		9A2B5FE9275B2583005C3C5A /* MyExerciseApp.swift in Sources */ = {isa = PBXBuildFile; fileRef = 9A2B5FE8275B2583005C3C5A /* MyExerciseApp.swift */; };
		9A2B5FEB275B2583005C3C5A /* ContentView.swift in Sources */ = {isa = PBXBuildFile; fileRef = 9A2B5FEA275B2583005C3C5A /* ContentView.swift */; };
		9A2B5FED275B2587005C3C5A /* Assets.xcassets in Resources */ = {isa = PBXBuildFile; fileRef = 9A2B5FEC275B2587005C3C5A /* Assets.xcassets */; };
		9A2B5FF0275B2587005C3C5A /* Preview Assets.xcassets in Resources */ = {isa = PBXBuildFile; fileRef = 9A2B5FEF275B2587005C3C5A /* Preview Assets.xcassets */; };
		9A2B5FF7275B2D32005C3C5A /* GoogleService-Info.plist in Resources */ = {isa = PBXBuildFile; fileRef = 9A2B5FF6275B2D32005C3C5A /* GoogleService-Info.plist */; };
		9A2B5FFD275B41D8005C3C5A /* LoginView.swift in Sources */ = {isa = PBXBuildFile; fileRef = 9A2B5FFC275B41D8005C3C5A /* LoginView.swift */; };
		9A2B5FFF275B41EF005C3C5A /* HomeView.swift in Sources */ = {isa = PBXBuildFile; fileRef = 9A2B5FFE275B41EF005C3C5A /* HomeView.swift */; };
		9A2B6001275B422A005C3C5A /* LoginViewModel.swift in Sources */ = {isa = PBXBuildFile; fileRef = 9A2B6000275B422A005C3C5A /* LoginViewModel.swift */; };
		9A9042BB275B487800975C27 /* GameController.framework in Frameworks */ = {isa = PBXBuildFile; fileRef = 9A9042BA275B487800975C27 /* GameController.framework */; };
		F299B76BB39B78CBCD82FFC2 /* Pods_MyExercise.framework in Frameworks */ = {isa = PBXBuildFile; fileRef = F0391E2A367F3A96A3D3E2AF /* Pods_MyExercise.framework */; };
/* End PBXBuildFile section */

/* Begin PBXFileReference section */
		67489BF0C799618F24212B97 /* Pods-MyExercise.release.xcconfig */ = {isa = PBXFileReference; includeInIndex = 1; lastKnownFileType = text.xcconfig; name = "Pods-MyExercise.release.xcconfig"; path = "Target Support Files/Pods-MyExercise/Pods-MyExercise.release.xcconfig"; sourceTree = "<group>"; };
		82148ABDD85E85F7F1D3CEB5 /* Pods-MyExercise.debug.xcconfig */ = {isa = PBXFileReference; includeInIndex = 1; lastKnownFileType = text.xcconfig; name = "Pods-MyExercise.debug.xcconfig"; path = "Target Support Files/Pods-MyExercise/Pods-MyExercise.debug.xcconfig"; sourceTree = "<group>"; };
		9A2B5FE5275B2583005C3C5A /* MyExercise.app */ = {isa = PBXFileReference; explicitFileType = wrapper.application; includeInIndex = 0; path = MyExercise.app; sourceTree = BUILT_PRODUCTS_DIR; };
		9A2B5FE8275B2583005C3C5A /* MyExerciseApp.swift */ = {isa = PBXFileReference; lastKnownFileType = sourcecode.swift; path = MyExerciseApp.swift; sourceTree = "<group>"; };
		9A2B5FEA275B2583005C3C5A /* ContentView.swift */ = {isa = PBXFileReference; lastKnownFileType = sourcecode.swift; path = ContentView.swift; sourceTree = "<group>"; };
		9A2B5FEC275B2587005C3C5A /* Assets.xcassets */ = {isa = PBXFileReference; lastKnownFileType = folder.assetcatalog; path = Assets.xcassets; sourceTree = "<group>"; };
		9A2B5FEF275B2587005C3C5A /* Preview Assets.xcassets */ = {isa = PBXFileReference; lastKnownFileType = folder.assetcatalog; path = "Preview Assets.xcassets"; sourceTree = "<group>"; };
		9A2B5FF6275B2D32005C3C5A /* GoogleService-Info.plist */ = {isa = PBXFileReference; fileEncoding = 4; lastKnownFileType = text.plist.xml; path = "GoogleService-Info.plist"; sourceTree = "<group>"; };
		9A2B5FFC275B41D8005C3C5A /* LoginView.swift */ = {isa = PBXFileReference; lastKnownFileType = sourcecode.swift; path = LoginView.swift; sourceTree = "<group>"; };
		9A2B5FFE275B41EF005C3C5A /* HomeView.swift */ = {isa = PBXFileReference; lastKnownFileType = sourcecode.swift; path = HomeView.swift; sourceTree = "<group>"; };
		9A2B6000275B422A005C3C5A /* LoginViewModel.swift */ = {isa = PBXFileReference; lastKnownFileType = sourcecode.swift; path = LoginViewModel.swift; sourceTree = "<group>"; };
		9A9042BA275B487800975C27 /* GameController.framework */ = {isa = PBXFileReference; lastKnownFileType = wrapper.framework; name = GameController.framework; path = System/Library/Frameworks/GameController.framework; sourceTree = SDKROOT; };
		9A9042BC275B487800975C27 /* Info.plist */ = {isa = PBXFileReference; lastKnownFileType = text.plist; path = Info.plist; sourceTree = "<group>"; };
		F0391E2A367F3A96A3D3E2AF /* Pods_MyExercise.framework */ = {isa = PBXFileReference; explicitFileType = wrapper.framework; includeInIndex = 0; path = Pods_MyExercise.framework; sourceTree = BUILT_PRODUCTS_DIR; };
/* End PBXFileReference section */

/* Begin PBXFrameworksBuildPhase section */
		9A2B5FE2275B2583005C3C5A /* Frameworks */ = {
			isa = PBXFrameworksBuildPhase;
			buildActionMask = 2147483647;
			files = (
				9A9042BB275B487800975C27 /* GameController.framework in Frameworks */,
				F299B76BB39B78CBCD82FFC2 /* Pods_MyExercise.framework in Frameworks */,
			);
			runOnlyForDeploymentPostprocessing = 0;
		};
/* End PBXFrameworksBuildPhase section */

/* Begin PBXGroup section */
		09FD32869E20736C8E44D470 /* Frameworks */ = {
			isa = PBXGroup;
			children = (
				9A9042BA275B487800975C27 /* GameController.framework */,
				F0391E2A367F3A96A3D3E2AF /* Pods_MyExercise.framework */,
			);
			name = Frameworks;
			sourceTree = "<group>";
		};
		9A2B5FDC275B2583005C3C5A = {
			isa = PBXGroup;
			children = (
				9A2B5FE7275B2583005C3C5A /* MyExercise */,
				9A2B5FE6275B2583005C3C5A /* Products */,
				EAA535269D591455065CA759 /* Pods */,
				09FD32869E20736C8E44D470 /* Frameworks */,
			);
			sourceTree = "<group>";
		};
		9A2B5FE6275B2583005C3C5A /* Products */ = {
			isa = PBXGroup;
			children = (
				9A2B5FE5275B2583005C3C5A /* MyExercise.app */,
			);
			name = Products;
			sourceTree = "<group>";
		};
		9A2B5FE7275B2583005C3C5A /* MyExercise */ = {
			isa = PBXGroup;
			children = (
				9A9042BC275B487800975C27 /* Info.plist */,
				9A2B5FF9275B41A7005C3C5A /* ViewModel */,
				9A2B5FF8275B419E005C3C5A /* View */,
				9A2B5FE8275B2583005C3C5A /* MyExerciseApp.swift */,
				9A2B5FEA275B2583005C3C5A /* ContentView.swift */,
				9A2B5FEC275B2587005C3C5A /* Assets.xcassets */,
				9A2B5FF6275B2D32005C3C5A /* GoogleService-Info.plist */,
				9A2B5FEE275B2587005C3C5A /* Preview Content */,
			);
			path = MyExercise;
			sourceTree = "<group>";
		};
		9A2B5FEE275B2587005C3C5A /* Preview Content */ = {
			isa = PBXGroup;
			children = (
				9A2B5FEF275B2587005C3C5A /* Preview Assets.xcassets */,
			);
			path = "Preview Content";
			sourceTree = "<group>";
		};
		9A2B5FF8275B419E005C3C5A /* View */ = {
			isa = PBXGroup;
			children = (
				9A2B5FFC275B41D8005C3C5A /* LoginView.swift */,
				9A2B5FFE275B41EF005C3C5A /* HomeView.swift */,
			);
			path = View;
			sourceTree = "<group>";
		};
		9A2B5FF9275B41A7005C3C5A /* ViewModel */ = {
			isa = PBXGroup;
			children = (
				9A2B6000275B422A005C3C5A /* LoginViewModel.swift */,
			);
			path = ViewModel;
			sourceTree = "<group>";
		};
		EAA535269D591455065CA759 /* Pods */ = {
			isa = PBXGroup;
			children = (
				82148ABDD85E85F7F1D3CEB5 /* Pods-MyExercise.debug.xcconfig */,
				67489BF0C799618F24212B97 /* Pods-MyExercise.release.xcconfig */,
			);
			path = Pods;
			sourceTree = "<group>";
		};
/* End PBXGroup section */

/* Begin PBXNativeTarget section */
		9A2B5FE4275B2583005C3C5A /* MyExercise */ = {
			isa = PBXNativeTarget;
			buildConfigurationList = 9A2B5FF3275B2587005C3C5A /* Build configuration list for PBXNativeTarget "MyExercise" */;
			buildPhases = (
				FC4298BDFC815C328F0FE52B /* [CP] Check Pods Manifest.lock */,
				9A2B5FE1275B2583005C3C5A /* Sources */,
				9A2B5FE2275B2583005C3C5A /* Frameworks */,
				9A2B5FE3275B2583005C3C5A /* Resources */,
				3A8B657E72F36549DC9F99F0 /* [CP] Embed Pods Frameworks */,
			);
			buildRules = (
			);
			dependencies = (
			);
			name = MyExercise;
			productName = MyExercise;
			productReference = 9A2B5FE5275B2583005C3C5A /* MyExercise.app */;
			productType = "com.apple.product-type.application";
		};
/* End PBXNativeTarget section */

/* Begin PBXProject section */
		9A2B5FDD275B2583005C3C5A /* Project object */ = {
			isa = PBXProject;
			attributes = {
				BuildIndependentTargetsInParallel = 1;
				LastSwiftUpdateCheck = 1300;
				LastUpgradeCheck = 1300;
				TargetAttributes = {
					9A2B5FE4275B2583005C3C5A = {
						CreatedOnToolsVersion = 13.0;
					};
				};
			};
			buildConfigurationList = 9A2B5FE0275B2583005C3C5A /* Build configuration list for PBXProject "MyExercise" */;
			compatibilityVersion = "Xcode 13.0";
			developmentRegion = en;
			hasScannedForEncodings = 0;
			knownRegions = (
				en,
				Base,
			);
			mainGroup = 9A2B5FDC275B2583005C3C5A;
			productRefGroup = 9A2B5FE6275B2583005C3C5A /* Products */;
			projectDirPath = "";
			projectRoot = "";
			targets = (
				9A2B5FE4275B2583005C3C5A /* MyExercise */,
			);
		};
/* End PBXProject section */

/* Begin PBXResourcesBuildPhase section */
		9A2B5FE3275B2583005C3C5A /* Resources */ = {
			isa = PBXResourcesBuildPhase;
			buildActionMask = 2147483647;
			files = (
				9A2B5FF0275B2587005C3C5A /* Preview Assets.xcassets in Resources */,
				9A2B5FED275B2587005C3C5A /* Assets.xcassets in Resources */,
				9A2B5FF7275B2D32005C3C5A /* GoogleService-Info.plist in Resources */,
			);
			runOnlyForDeploymentPostprocessing = 0;
		};
/* End PBXResourcesBuildPhase section */

/* Begin PBXShellScriptBuildPhase section */
		3A8B657E72F36549DC9F99F0 /* [CP] Embed Pods Frameworks */ = {
			isa = PBXShellScriptBuildPhase;
			buildActionMask = 2147483647;
			files = (
			);
			inputFileListPaths = (
				"${PODS_ROOT}/Target Support Files/Pods-MyExercise/Pods-MyExercise-frameworks-${CONFIGURATION}-input-files.xcfilelist",
			);
			name = "[CP] Embed Pods Frameworks";
			outputFileListPaths = (
				"${PODS_ROOT}/Target Support Files/Pods-MyExercise/Pods-MyExercise-frameworks-${CONFIGURATION}-output-files.xcfilelist",
			);
			runOnlyForDeploymentPostprocessing = 0;
			shellPath = /bin/sh;
			shellScript = "\"${PODS_ROOT}/Target Support Files/Pods-MyExercise/Pods-MyExercise-frameworks.sh\"\n";
			showEnvVarsInLog = 0;
		};
		FC4298BDFC815C328F0FE52B /* [CP] Check Pods Manifest.lock */ = {
			isa = PBXShellScriptBuildPhase;
			buildActionMask = 2147483647;
			files = (
			);
			inputFileListPaths = (
			);
			inputPaths = (
				"${PODS_PODFILE_DIR_PATH}/Podfile.lock",
				"${PODS_ROOT}/Manifest.lock",
			);
			name = "[CP] Check Pods Manifest.lock";
			outputFileListPaths = (
			);
			outputPaths = (
				"$(DERIVED_FILE_DIR)/Pods-MyExercise-checkManifestLockResult.txt",
			);
			runOnlyForDeploymentPostprocessing = 0;
			shellPath = /bin/sh;
			shellScript = "diff \"${PODS_PODFILE_DIR_PATH}/Podfile.lock\" \"${PODS_ROOT}/Manifest.lock\" > /dev/null\nif [ $? != 0 ] ; then\n    # print error to STDERR\n    echo \"error: The sandbox is not in sync with the Podfile.lock. Run 'pod install' or update your CocoaPods installation.\" >&2\n    exit 1\nfi\n# This output is used by Xcode 'outputs' to avoid re-running this script phase.\necho \"SUCCESS\" > \"${SCRIPT_OUTPUT_FILE_0}\"\n";
			showEnvVarsInLog = 0;
		};
/* End PBXShellScriptBuildPhase section */

/* Begin PBXSourcesBuildPhase section */
		9A2B5FE1275B2583005C3C5A /* Sources */ = {
			isa = PBXSourcesBuildPhase;
			buildActionMask = 2147483647;
			files = (
				9A2B5FEB275B2583005C3C5A /* ContentView.swift in Sources */,
				9A2B5FFF275B41EF005C3C5A /* HomeView.swift in Sources */,
				9A2B5FFD275B41D8005C3C5A /* LoginView.swift in Sources */,
				9A2B6001275B422A005C3C5A /* LoginViewModel.swift in Sources */,
				9A2B5FE9275B2583005C3C5A /* MyExerciseApp.swift in Sources */,
			);
			runOnlyForDeploymentPostprocessing = 0;
		};
/* End PBXSourcesBuildPhase section */

/* Begin XCBuildConfiguration section */
		9A2B5FF1275B2587005C3C5A /* Debug */ = {
			isa = XCBuildConfiguration;
			buildSettings = {
				ALWAYS_SEARCH_USER_PATHS = NO;
				CLANG_ANALYZER_NONNULL = YES;
				CLANG_ANALYZER_NUMBER_OBJECT_CONVERSION = YES_AGGRESSIVE;
				CLANG_CXX_LANGUAGE_STANDARD = "gnu++17";
				CLANG_CXX_LIBRARY = "libc++";
				CLANG_ENABLE_MODULES = YES;
				CLANG_ENABLE_OBJC_ARC = YES;
				CLANG_ENABLE_OBJC_WEAK = YES;
				CLANG_WARN_BLOCK_CAPTURE_AUTORELEASING = YES;
				CLANG_WARN_BOOL_CONVERSION = YES;
				CLANG_WARN_COMMA = YES;
				CLANG_WARN_CONSTANT_CONVERSION = YES;
				CLANG_WARN_DEPRECATED_OBJC_IMPLEMENTATIONS = YES;
				CLANG_WARN_DIRECT_OBJC_ISA_USAGE = YES_ERROR;
				CLANG_WARN_DOCUMENTATION_COMMENTS = YES;
				CLANG_WARN_EMPTY_BODY = YES;
				CLANG_WARN_ENUM_CONVERSION = YES;
				CLANG_WARN_INFINITE_RECURSION = YES;
				CLANG_WARN_INT_CONVERSION = YES;
				CLANG_WARN_NON_LITERAL_NULL_CONVERSION = YES;
				CLANG_WARN_OBJC_IMPLICIT_RETAIN_SELF = YES;
				CLANG_WARN_OBJC_LITERAL_CONVERSION = YES;
				CLANG_WARN_OBJC_ROOT_CLASS = YES_ERROR;
				CLANG_WARN_QUOTED_INCLUDE_IN_FRAMEWORK_HEADER = YES;
				CLANG_WARN_RANGE_LOOP_ANALYSIS = YES;
				CLANG_WARN_STRICT_PROTOTYPES = YES;
				CLANG_WARN_SUSPICIOUS_MOVE = YES;
				CLANG_WARN_UNGUARDED_AVAILABILITY = YES_AGGRESSIVE;
				CLANG_WARN_UNREACHABLE_CODE = YES;
				CLANG_WARN__DUPLICATE_METHOD_MATCH = YES;
				COPY_PHASE_STRIP = NO;
				DEBUG_INFORMATION_FORMAT = dwarf;
				ENABLE_STRICT_OBJC_MSGSEND = YES;
				ENABLE_TESTABILITY = YES;
				GCC_C_LANGUAGE_STANDARD = gnu11;
				GCC_DYNAMIC_NO_PIC = NO;
				GCC_NO_COMMON_BLOCKS = YES;
				GCC_OPTIMIZATION_LEVEL = 0;
				GCC_PREPROCESSOR_DEFINITIONS = (
					"DEBUG=1",
					"$(inherited)",
				);
				GCC_WARN_64_TO_32_BIT_CONVERSION = YES;
				GCC_WARN_ABOUT_RETURN_TYPE = YES_ERROR;
				GCC_WARN_UNDECLARED_SELECTOR = YES;
				GCC_WARN_UNINITIALIZED_AUTOS = YES_AGGRESSIVE;
				GCC_WARN_UNUSED_FUNCTION = YES;
				GCC_WARN_UNUSED_VARIABLE = YES;
				IPHONEOS_DEPLOYMENT_TARGET = 15.0;
				MTL_ENABLE_DEBUG_INFO = INCLUDE_SOURCE;
				MTL_FAST_MATH = YES;
				ONLY_ACTIVE_ARCH = YES;
				SDKROOT = iphoneos;
				SWIFT_ACTIVE_COMPILATION_CONDITIONS = DEBUG;
				SWIFT_OPTIMIZATION_LEVEL = "-Onone";
			};
			name = Debug;
		};
		9A2B5FF2275B2587005C3C5A /* Release */ = {
			isa = XCBuildConfiguration;
			buildSettings = {
				ALWAYS_SEARCH_USER_PATHS = NO;
				CLANG_ANALYZER_NONNULL = YES;
				CLANG_ANALYZER_NUMBER_OBJECT_CONVERSION = YES_AGGRESSIVE;
				CLANG_CXX_LANGUAGE_STANDARD = "gnu++17";
				CLANG_CXX_LIBRARY = "libc++";
				CLANG_ENABLE_MODULES = YES;
				CLANG_ENABLE_OBJC_ARC = YES;
				CLANG_ENABLE_OBJC_WEAK = YES;
				CLANG_WARN_BLOCK_CAPTURE_AUTORELEASING = YES;
				CLANG_WARN_BOOL_CONVERSION = YES;
				CLANG_WARN_COMMA = YES;
				CLANG_WARN_CONSTANT_CONVERSION = YES;
				CLANG_WARN_DEPRECATED_OBJC_IMPLEMENTATIONS = YES;
				CLANG_WARN_DIRECT_OBJC_ISA_USAGE = YES_ERROR;
				CLANG_WARN_DOCUMENTATION_COMMENTS = YES;
				CLANG_WARN_EMPTY_BODY = YES;
				CLANG_WARN_ENUM_CONVERSION = YES;
				CLANG_WARN_INFINITE_RECURSION = YES;
				CLANG_WARN_INT_CONVERSION = YES;
				CLANG_WARN_NON_LITERAL_NULL_CONVERSION = YES;
				CLANG_WARN_OBJC_IMPLICIT_RETAIN_SELF = YES;
				CLANG_WARN_OBJC_LITERAL_CONVERSION = YES;
				CLANG_WARN_OBJC_ROOT_CLASS = YES_ERROR;
				CLANG_WARN_QUOTED_INCLUDE_IN_FRAMEWORK_HEADER = YES;
				CLANG_WARN_RANGE_LOOP_ANALYSIS = YES;
				CLANG_WARN_STRICT_PROTOTYPES = YES;
				CLANG_WARN_SUSPICIOUS_MOVE = YES;
				CLANG_WARN_UNGUARDED_AVAILABILITY = YES_AGGRESSIVE;
				CLANG_WARN_UNREACHABLE_CODE = YES;
				CLANG_WARN__DUPLICATE_METHOD_MATCH = YES;
				COPY_PHASE_STRIP = NO;
				DEBUG_INFORMATION_FORMAT = "dwarf-with-dsym";
				ENABLE_NS_ASSERTIONS = NO;
				ENABLE_STRICT_OBJC_MSGSEND = YES;
				GCC_C_LANGUAGE_STANDARD = gnu11;
				GCC_NO_COMMON_BLOCKS = YES;
				GCC_WARN_64_TO_32_BIT_CONVERSION = YES;
				GCC_WARN_ABOUT_RETURN_TYPE = YES_ERROR;
				GCC_WARN_UNDECLARED_SELECTOR = YES;
				GCC_WARN_UNINITIALIZED_AUTOS = YES_AGGRESSIVE;
				GCC_WARN_UNUSED_FUNCTION = YES;
				GCC_WARN_UNUSED_VARIABLE = YES;
				IPHONEOS_DEPLOYMENT_TARGET = 15.0;
				MTL_ENABLE_DEBUG_INFO = NO;
				MTL_FAST_MATH = YES;
				SDKROOT = iphoneos;
				SWIFT_COMPILATION_MODE = wholemodule;
				SWIFT_OPTIMIZATION_LEVEL = "-O";
				VALIDATE_PRODUCT = YES;
			};
			name = Release;
		};
		9A2B5FF4275B2587005C3C5A /* Debug */ = {
			isa = XCBuildConfiguration;
			baseConfigurationReference = 82148ABDD85E85F7F1D3CEB5 /* Pods-MyExercise.debug.xcconfig */;
			buildSettings = {
				ASSETCATALOG_COMPILER_APPICON_NAME = AppIcon;
				ASSETCATALOG_COMPILER_GLOBAL_ACCENT_COLOR_NAME = AccentColor;
				CODE_SIGN_ENTITLEMENTS = MyExercise/MyExerciseDebug.entitlements;
				CODE_SIGN_STYLE = Automatic;
				CURRENT_PROJECT_VERSION = 1;
				DEVELOPMENT_ASSET_PATHS = "\"MyExercise/Preview Content\"";
				DEVELOPMENT_TEAM = "";
				ENABLE_PREVIEWS = YES;
				GENERATE_INFOPLIST_FILE = YES;
				INFOPLIST_FILE = MyExercise/Info.plist;
				INFOPLIST_KEY_UIApplicationSceneManifest_Generation = YES;
				INFOPLIST_KEY_UIApplicationSupportsIndirectInputEvents = YES;
				INFOPLIST_KEY_UILaunchScreen_Generation = YES;
				INFOPLIST_KEY_UISupportedInterfaceOrientations_iPad = "UIInterfaceOrientationPortrait UIInterfaceOrientationPortraitUpsideDown UIInterfaceOrientationLandscapeLeft UIInterfaceOrientationLandscapeRight";
				INFOPLIST_KEY_UISupportedInterfaceOrientations_iPhone = "UIInterfaceOrientationPortrait UIInterfaceOrientationLandscapeLeft UIInterfaceOrientationLandscapeRight";
				IPHONEOS_DEPLOYMENT_TARGET = 14.0;
				LD_RUNPATH_SEARCH_PATHS = (
					"$(inherited)",
					"@executable_path/Frameworks",
				);
				MARKETING_VERSION = 1.0;
				PRODUCT_BUNDLE_IDENTIFIER = haju.project.MyExercise;
				PRODUCT_NAME = "$(TARGET_NAME)";
				SWIFT_EMIT_LOC_STRINGS = YES;
				SWIFT_VERSION = 5.0;
				TARGETED_DEVICE_FAMILY = "1,2";
			};
			name = Debug;
		};
		9A2B5FF5275B2587005C3C5A /* Release */ = {
			isa = XCBuildConfiguration;
			baseConfigurationReference = 67489BF0C799618F24212B97 /* Pods-MyExercise.release.xcconfig */;
			buildSettings = {
				ASSETCATALOG_COMPILER_APPICON_NAME = AppIcon;
				ASSETCATALOG_COMPILER_GLOBAL_ACCENT_COLOR_NAME = AccentColor;
				CODE_SIGN_ENTITLEMENTS = MyExercise/MyExercise.entitlements;
				CODE_SIGN_STYLE = Automatic;
				CURRENT_PROJECT_VERSION = 1;
				DEVELOPMENT_ASSET_PATHS = "\"MyExercise/Preview Content\"";
				DEVELOPMENT_TEAM = 3Y87VJ4TZ8;
				ENABLE_PREVIEWS = YES;
				GENERATE_INFOPLIST_FILE = YES;
				INFOPLIST_FILE = MyExercise/Info.plist;
				INFOPLIST_KEY_UIApplicationSceneManifest_Generation = YES;
				INFOPLIST_KEY_UIApplicationSupportsIndirectInputEvents = YES;
				INFOPLIST_KEY_UILaunchScreen_Generation = YES;
				INFOPLIST_KEY_UISupportedInterfaceOrientations_iPad = "UIInterfaceOrientationPortrait UIInterfaceOrientationPortraitUpsideDown UIInterfaceOrientationLandscapeLeft UIInterfaceOrientationLandscapeRight";
				INFOPLIST_KEY_UISupportedInterfaceOrientations_iPhone = "UIInterfaceOrientationPortrait UIInterfaceOrientationLandscapeLeft UIInterfaceOrientationLandscapeRight";
				IPHONEOS_DEPLOYMENT_TARGET = 14.0;
				LD_RUNPATH_SEARCH_PATHS = (
					"$(inherited)",
					"@executable_path/Frameworks",
				);
				MARKETING_VERSION = 1.0;
				PRODUCT_BUNDLE_IDENTIFIER = haju.project.MyExercise;
				PRODUCT_NAME = "$(TARGET_NAME)";
				SWIFT_EMIT_LOC_STRINGS = YES;
				SWIFT_VERSION = 5.0;
				TARGETED_DEVICE_FAMILY = "1,2";
			};
			name = Release;
		};
/* End XCBuildConfiguration section */

/* Begin XCConfigurationList section */
		9A2B5FE0275B2583005C3C5A /* Build configuration list for PBXProject "MyExercise" */ = {
			isa = XCConfigurationList;
			buildConfigurations = (
				9A2B5FF1275B2587005C3C5A /* Debug */,
				9A2B5FF2275B2587005C3C5A /* Release */,
			);
			defaultConfigurationIsVisible = 0;
			defaultConfigurationName = Release;
		};
		9A2B5FF3275B2587005C3C5A /* Build configuration list for PBXNativeTarget "MyExercise" */ = {
			isa = XCConfigurationList;
			buildConfigurations = (
				9A2B5FF4275B2587005C3C5A /* Debug */,
				9A2B5FF5275B2587005C3C5A /* Release */,
			);
			defaultConfigurationIsVisible = 0;
			defaultConfigurationName = Release;
		};
/* End XCConfigurationList section */
	};
	rootObject = 9A2B5FDD275B2583005C3C5A /* Project object */;
}
